Microsoft Visual Studio Solution File, Format Version 12.00
# Visual Studio 2012
Project("{FAE04EC0-301F-11D3-BF4B-00C04F79EFBC}") = "Ulon Hand", "Ulon Hand.csproj", "{D05135D5-4CFD-425A-82E5-F78140994715}"
EndProject
Global
	GlobalSection(SolutionConfigurationPlatforms) = preSolution
	Debug|Any CPU = Debug|Any CPU
	ExportDebug|Any CPU = ExportDebug|Any CPU
	ExportRelease|Any CPU = ExportRelease|Any CPU
	EndGlobalSection
	GlobalSection(ProjectConfigurationPlatforms) = postSolution
		{D05135D5-4CFD-425A-82E5-F78140994715}.Debug|Any CPU.ActiveCfg = Debug|Any CPU
		{D05135D5-4CFD-425A-82E5-F78140994715}.Debug|Any CPU.Build.0 = Debug|Any CPU
		{D05135D5-4CFD-425A-82E5-F78140994715}.ExportDebug|Any CPU.ActiveCfg = ExportDebug|Any CPU
		{D05135D5-4CFD-425A-82E5-F78140994715}.ExportDebug|Any CPU.Build.0 = ExportDebug|Any CPU
		{D05135D5-4CFD-425A-82E5-F78140994715}.ExportRelease|Any CPU.ActiveCfg = ExportRelease|Any CPU
		{D05135D5-4CFD-425A-82E5-F78140994715}.ExportRelease|Any CPU.Build.0 = ExportRelease|Any CPU
	EndGlobalSection
EndGlobal
